
Microsoft Visual Studio Solution File, Format Version 12.00
# Visual Studio Version 17
VisualStudioVersion = 17.11.35312.102
MinimumVisualStudioVersion = 10.0.40219.1
Project("{FAE04EC0-301F-11D3-BF4B-00C04F79EFBC}") = "CsharpLab08", "CsharpLab08\CsharpLab08.csproj", "{0BA33823-ECB2-40AD-B5C7-FE4E34D02DB1}"
EndProject
Global
	GlobalSection(SolutionConfigurationPlatforms) = preSolution
		Debug|Any CPU = Debug|Any CPU
		Release|Any CPU = Release|Any CPU
	EndGlobalSection
	GlobalSection(ProjectConfigurationPlatforms) = postSolution
		{0BA33823-ECB2-40AD-B5C7-FE4E34D02DB1}.Debug|Any CPU.ActiveCfg = Debug|Any CPU
		{0BA33823-ECB2-40AD-B5C7-FE4E34D02DB1}.Debug|Any CPU.Build.0 = Debug|Any CPU
		{0BA33823-ECB2-40AD-B5C7-FE4E34D02DB1}.Release|Any CPU.ActiveCfg = Release|Any CPU
		{0BA33823-ECB2-40AD-B5C7-FE4E34D02DB1}.Release|Any CPU.Build.0 = Release|Any CPU
	EndGlobalSection
	GlobalSection(SolutionProperties) = preSolution
		HideSolutionNode = FALSE
	EndGlobalSection
	GlobalSection(ExtensibilityGlobals) = postSolution
		SolutionGuid = {76821F23-4EE4-492C-AE64-D8CEDF9D6A92}
	EndGlobalSection
EndGlobal
